// !$*UTF8*$!
{
	archiveVersion = 1;
	classes = {
	};
	objectVersion = 50;
	objects = {

/* Begin PBXBuildFile section */
		5C231A7422452C2C0087FFAB /* AppDelegate.swift in Sources */ = {isa = PBXBuildFile; fileRef = 5C231A7322452C2C0087FFAB /* AppDelegate.swift */; };
		5C231A7622452C2C0087FFAB /* ViewController.swift in Sources */ = {isa = PBXBuildFile; fileRef = 5C231A7522452C2C0087FFAB /* ViewController.swift */; };
		5C231A7922452C2C0087FFAB /* Main.storyboard in Resources */ = {isa = PBXBuildFile; fileRef = 5C231A7722452C2C0087FFAB /* Main.storyboard */; };
		5C231A7C22452C2C0087FFAB /* DownloadImage.xcdatamodeld in Sources */ = {isa = PBXBuildFile; fileRef = 5C231A7A22452C2C0087FFAB /* DownloadImage.xcdatamodeld */; };
		5C231A7E22452C2E0087FFAB /* Assets.xcassets in Resources */ = {isa = PBXBuildFile; fileRef = 5C231A7D22452C2E0087FFAB /* Assets.xcassets */; };
		5C231A8122452C2E0087FFAB /* LaunchScreen.storyboard in Resources */ = {isa = PBXBuildFile; fileRef = 5C231A7F22452C2E0087FFAB /* LaunchScreen.storyboard */; };
		5C231A8C22452C2E0087FFAB /* DownloadImageTests.swift in Sources */ = {isa = PBXBuildFile; fileRef = 5C231A8B22452C2E0087FFAB /* DownloadImageTests.swift */; };
		5C231A9722452C2E0087FFAB /* DownloadImageUITests.swift in Sources */ = {isa = PBXBuildFile; fileRef = 5C231A9622452C2E0087FFAB /* DownloadImageUITests.swift */; };
/* End PBXBuildFile section */

/* Begin PBXContainerItemProxy section */
		5C231A8822452C2E0087FFAB /* PBXContainerItemProxy */ = {
			isa = PBXContainerItemProxy;
			containerPortal = 5C231A6822452C2C0087FFAB /* Project object */;
			proxyType = 1;
			remoteGlobalIDString = 5C231A6F22452C2C0087FFAB;
			remoteInfo = DownloadImage;
		};
		5C231A9322452C2E0087FFAB /* PBXContainerItemProxy */ = {
			isa = PBXContainerItemProxy;
			containerPortal = 5C231A6822452C2C0087FFAB /* Project object */;
			proxyType = 1;
			remoteGlobalIDString = 5C231A6F22452C2C0087FFAB;
			remoteInfo = DownloadImage;
		};
/* End PBXContainerItemProxy section */

/* Begin PBXFileReference section */
		5C231A7022452C2C0087FFAB /* DownloadImage.app */ = {isa = PBXFileReference; explicitFileType = wrapper.application; includeInIndex = 0; path = DownloadImage.app; sourceTree = BUILT_PRODUCTS_DIR; };
		5C231A7322452C2C0087FFAB /* AppDelegate.swift */ = {isa = PBXFileReference; lastKnownFileType = sourcecode.swift; path = AppDelegate.swift; sourceTree = "<group>"; };
		5C231A7522452C2C0087FFAB /* ViewController.swift */ = {isa = PBXFileReference; lastKnownFileType = sourcecode.swift; path = ViewController.swift; sourceTree = "<group>"; };
		5C231A7822452C2C0087FFAB /* Base */ = {isa = PBXFileReference; lastKnownFileType = file.storyboard; name = Base; path = Base.lproj/Main.storyboard; sourceTree = "<group>"; };
		5C231A7B22452C2C0087FFAB /* DownloadImage.xcdatamodel */ = {isa = PBXFileReference; lastKnownFileType = wrapper.xcdatamodel; path = DownloadImage.xcdatamodel; sourceTree = "<group>"; };
		5C231A7D22452C2E0087FFAB /* Assets.xcassets */ = {isa = PBXFileReference; lastKnownFileType = folder.assetcatalog; path = Assets.xcassets; sourceTree = "<group>"; };
		5C231A8022452C2E0087FFAB /* Base */ = {isa = PBXFileReference; lastKnownFileType = file.storyboard; name = Base; path = Base.lproj/LaunchScreen.storyboard; sourceTree = "<group>"; };
		5C231A8222452C2E0087FFAB /* Info.plist */ = {isa = PBXFileReference; lastKnownFileType = text.plist.xml; path = Info.plist; sourceTree = "<group>"; };
		5C231A8722452C2E0087FFAB /* DownloadImageTests.xctest */ = {isa = PBXFileReference; explicitFileType = wrapper.cfbundle; includeInIndex = 0; path = DownloadImageTests.xctest; sourceTree = BUILT_PRODUCTS_DIR; };
		5C231A8B22452C2E0087FFAB /* DownloadImageTests.swift */ = {isa = PBXFileReference; lastKnownFileType = sourcecode.swift; path = DownloadImageTests.swift; sourceTree = "<group>"; };
		5C231A8D22452C2E0087FFAB /* Info.plist */ = {isa = PBXFileReference; lastKnownFileType = text.plist.xml; path = Info.plist; sourceTree = "<group>"; };
		5C231A9222452C2E0087FFAB /* DownloadImageUITests.xctest */ = {isa = PBXFileReference; explicitFileType = wrapper.cfbundle; includeInIndex = 0; path = DownloadImageUITests.xctest; sourceTree = BUILT_PRODUCTS_DIR; };
		5C231A9622452C2E0087FFAB /* DownloadImageUITests.swift */ = {isa = PBXFileReference; lastKnownFileType = sourcecode.swift; path = DownloadImageUITests.swift; sourceTree = "<group>"; };
		5C231A9822452C2E0087FFAB /* Info.plist */ = {isa = PBXFileReference; lastKnownFileType = text.plist.xml; path = Info.plist; sourceTree = "<group>"; };
/* End PBXFileReference section */

/* Begin PBXFrameworksBuildPhase section */
		5C231A6D22452C2C0087FFAB /* Frameworks */ = {
			isa = PBXFrameworksBuildPhase;
			buildActionMask = 2147483647;
			files = (
			);
			runOnlyForDeploymentPostprocessing = 0;
		};
		5C231A8422452C2E0087FFAB /* Frameworks */ = {
			isa = PBXFrameworksBuildPhase;
			buildActionMask = 2147483647;
			files = (
			);
			runOnlyForDeploymentPostprocessing = 0;
		};
		5C231A8F22452C2E0087FFAB /* Frameworks */ = {
			isa = PBXFrameworksBuildPhase;
			buildActionMask = 2147483647;
			files = (
			);
			runOnlyForDeploymentPostprocessing = 0;
		};
/* End PBXFrameworksBuildPhase section */

/* Begin PBXGroup section */
		5C231A6722452C2C0087FFAB = {
			isa = PBXGroup;
			children = (
				5C231A7222452C2C0087FFAB /* DownloadImage */,
				5C231A8A22452C2E0087FFAB /* DownloadImageTests */,
				5C231A9522452C2E0087FFAB /* DownloadImageUITests */,
				5C231A7122452C2C0087FFAB /* Products */,
			);
			sourceTree = "<group>";
		};
		5C231A7122452C2C0087FFAB /* Products */ = {
			isa = PBXGroup;
			children = (
				5C231A7022452C2C0087FFAB /* DownloadImage.app */,
				5C231A8722452C2E0087FFAB /* DownloadImageTests.xctest */,
				5C231A9222452C2E0087FFAB /* DownloadImageUITests.xctest */,
			);
			name = Products;
			sourceTree = "<group>";
		};
		5C231A7222452C2C0087FFAB /* DownloadImage */ = {
			isa = PBXGroup;
			children = (
				5C231A7322452C2C0087FFAB /* AppDelegate.swift */,
				5C231A7522452C2C0087FFAB /* ViewController.swift */,
				5C231A7722452C2C0087FFAB /* Main.storyboard */,
				5C231A7D22452C2E0087FFAB /* Assets.xcassets */,
				5C231A7F22452C2E0087FFAB /* LaunchScreen.storyboard */,
				5C231A8222452C2E0087FFAB /* Info.plist */,
				5C231A7A22452C2C0087FFAB /* DownloadImage.xcdatamodeld */,
			);
			path = DownloadImage;
			sourceTree = "<group>";
		};
		5C231A8A22452C2E0087FFAB /* DownloadImageTests */ = {
			isa = PBXGroup;
			children = (
				5C231A8B22452C2E0087FFAB /* DownloadImageTests.swift */,
				5C231A8D22452C2E0087FFAB /* Info.plist */,
			);
			path = DownloadImageTests;
			sourceTree = "<group>";
		};
		5C231A9522452C2E0087FFAB /* DownloadImageUITests */ = {
			isa = PBXGroup;
			children = (
				5C231A9622452C2E0087FFAB /* DownloadImageUITests.swift */,
				5C231A9822452C2E0087FFAB /* Info.plist */,
			);
			path = DownloadImageUITests;
			sourceTree = "<group>";
		};
/* End PBXGroup section */

/* Begin PBXNativeTarget section */
		5C231A6F22452C2C0087FFAB /* DownloadImage */ = {
			isa = PBXNativeTarget;
			buildConfigurationList = 5C231A9B22452C2E0087FFAB /* Build configuration list for PBXNativeTarget "DownloadImage" */;
			buildPhases = (
				5C231A6C22452C2C0087FFAB /* Sources */,
				5C231A6D22452C2C0087FFAB /* Frameworks */,
				5C231A6E22452C2C0087FFAB /* Resources */,
			);
			buildRules = (
			);
			dependencies = (
			);
			name = DownloadImage;
			productName = DownloadImage;
			productReference = 5C231A7022452C2C0087FFAB /* DownloadImage.app */;
			productType = "com.apple.product-type.application";
		};
		5C231A8622452C2E0087FFAB /* DownloadImageTests */ = {
			isa = PBXNativeTarget;
			buildConfigurationList = 5C231A9E22452C2E0087FFAB /* Build configuration list for PBXNativeTarget "DownloadImageTests" */;
			buildPhases = (
				5C231A8322452C2E0087FFAB /* Sources */,
				5C231A8422452C2E0087FFAB /* Frameworks */,
				5C231A8522452C2E0087FFAB /* Resources */,
			);
			buildRules = (
			);
			dependencies = (
				5C231A8922452C2E0087FFAB /* PBXTargetDependency */,
			);
			name = DownloadImageTests;
			productName = DownloadImageTests;
			productReference = 5C231A8722452C2E0087FFAB /* DownloadImageTests.xctest */;
			productType = "com.apple.product-type.bundle.unit-test";
		};
		5C231A9122452C2E0087FFAB /* DownloadImageUITests */ = {
			isa = PBXNativeTarget;
			buildConfigurationList = 5C231AA122452C2E0087FFAB /* Build configuration list for PBXNativeTarget "DownloadImageUITests" */;
			buildPhases = (
				5C231A8E22452C2E0087FFAB /* Sources */,
				5C231A8F22452C2E0087FFAB /* Frameworks */,
				5C231A9022452C2E0087FFAB /* Resources */,
			);
			buildRules = (
			);
			dependencies = (
				5C231A9422452C2E0087FFAB /* PBXTargetDependency */,
			);
			name = DownloadImageUITests;
			productName = DownloadImageUITests;
			productReference = 5C231A9222452C2E0087FFAB /* DownloadImageUITests.xctest */;
			productType = "com.apple.product-type.bundle.ui-testing";
		};
/* End PBXNativeTarget section */

/* Begin PBXProject section */
		5C231A6822452C2C0087FFAB /* Project object */ = {
			isa = PBXProject;
			attributes = {
				LastSwiftUpdateCheck = 1010;
				LastUpgradeCheck = 1010;
				ORGANIZATIONNAME = Hank;
				TargetAttributes = {
					5C231A6F22452C2C0087FFAB = {
						CreatedOnToolsVersion = 10.1;
					};
					5C231A8622452C2E0087FFAB = {
						CreatedOnToolsVersion = 10.1;
						TestTargetID = 5C231A6F22452C2C0087FFAB;
					};
					5C231A9122452C2E0087FFAB = {
						CreatedOnToolsVersion = 10.1;
						TestTargetID = 5C231A6F22452C2C0087FFAB;
					};
				};
			};
			buildConfigurationList = 5C231A6B22452C2C0087FFAB /* Build configuration list for PBXProject "DownloadImage" */;
			compatibilityVersion = "Xcode 9.3";
			developmentRegion = en;
			hasScannedForEncodings = 0;
			knownRegions = (
				en,
				Base,
			);
			mainGroup = 5C231A6722452C2C0087FFAB;
			productRefGroup = 5C231A7122452C2C0087FFAB /* Products */;
			projectDirPath = "";
			projectRoot = "";
			targets = (
				5C231A6F22452C2C0087FFAB /* DownloadImage */,
				5C231A8622452C2E0087FFAB /* DownloadImageTests */,
				5C231A9122452C2E0087FFAB /* DownloadImageUITests */,
			);
		};
/* End PBXProject section */

/* Begin PBXResourcesBuildPhase section */
		5C231A6E22452C2C0087FFAB /* Resources */ = {
			isa = PBXResourcesBuildPhase;
			buildActionMask = 2147483647;
			files = (
				5C231A8122452C2E0087FFAB /* LaunchScreen.storyboard in Resources */,
				5C231A7E22452C2E0087FFAB /* Assets.xcassets in Resources */,
				5C231A7922452C2C0087FFAB /* Main.storyboard in Resources */,
			);
			runOnlyForDeploymentPostprocessing = 0;
		};
		5C231A8522452C2E0087FFAB /* Resources */ = {
			isa = PBXResourcesBuildPhase;
			buildActionMask = 2147483647;
			files = (
			);
			runOnlyForDeploymentPostprocessing = 0;
		};
		5C231A9022452C2E0087FFAB /* Resources */ = {
			isa = PBXResourcesBuildPhase;
			buildActionMask = 2147483647;
			files = (
			);
			runOnlyForDeploymentPostprocessing = 0;
		};
/* End PBXResourcesBuildPhase section */

/* Begin PBXSourcesBuildPhase section */
		5C231A6C22452C2C0087FFAB /* Sources */ = {
			isa = PBXSourcesBuildPhase;
			buildActionMask = 2147483647;
			files = (
				5C231A7622452C2C0087FFAB /* ViewController.swift in Sources */,
				5C231A7422452C2C0087FFAB /* AppDelegate.swift in Sources */,
				5C231A7C22452C2C0087FFAB /* DownloadImage.xcdatamodeld in Sources */,
			);
			runOnlyForDeploymentPostprocessing = 0;
		};
		5C231A8322452C2E0087FFAB /* Sources */ = {
			isa = PBXSourcesBuildPhase;
			buildActionMask = 2147483647;
			files = (
				5C231A8C22452C2E0087FFAB /* DownloadImageTests.swift in Sources */,
			);
			runOnlyForDeploymentPostprocessing = 0;
		};
		5C231A8E22452C2E0087FFAB /* Sources */ = {
			isa = PBXSourcesBuildPhase;
			buildActionMask = 2147483647;
			files = (
				5C231A9722452C2E0087FFAB /* DownloadImageUITests.swift in Sources */,
			);
			runOnlyForDeploymentPostprocessing = 0;
		};
/* End PBXSourcesBuildPhase section */

/* Begin PBXTargetDependency section */
		5C231A8922452C2E0087FFAB /* PBXTargetDependency */ = {
			isa = PBXTargetDependency;
			target = 5C231A6F22452C2C0087FFAB /* DownloadImage */;
			targetProxy = 5C231A8822452C2E0087FFAB /* PBXContainerItemProxy */;
		};
		5C231A9422452C2E0087FFAB /* PBXTargetDependency */ = {
			isa = PBXTargetDependency;
			target = 5C231A6F22452C2C0087FFAB /* DownloadImage */;
			targetProxy = 5C231A9322452C2E0087FFAB /* PBXContainerItemProxy */;
		};
/* End PBXTargetDependency section */

/* Begin PBXVariantGroup section */
		5C231A7722452C2C0087FFAB /* Main.storyboard */ = {
			isa = PBXVariantGroup;
			children = (
				5C231A7822452C2C0087FFAB /* Base */,
			);
			name = Main.storyboard;
			sourceTree = "<group>";
		};
		5C231A7F22452C2E0087FFAB /* LaunchScreen.storyboard */ = {
			isa = PBXVariantGroup;
			children = (
				5C231A8022452C2E0087FFAB /* Base */,
			);
			name = LaunchScreen.storyboard;
			sourceTree = "<group>";
		};
/* End PBXVariantGroup section */

/* Begin XCBuildConfiguration section */
		5C231A9922452C2E0087FFAB /* Debug */ = {
			isa = XCBuildConfiguration;
			buildSettings = {
				ALWAYS_SEARCH_USER_PATHS = NO;
				CLANG_ANALYZER_NONNULL = YES;
				CLANG_ANALYZER_NUMBER_OBJECT_CONVERSION = YES_AGGRESSIVE;
				CLANG_CXX_LANGUAGE_STANDARD = "gnu++14";
				CLANG_CXX_LIBRARY = "libc++";
				CLANG_ENABLE_MODULES = YES;
				CLANG_ENABLE_OBJC_ARC = YES;
				CLANG_ENABLE_OBJC_WEAK = YES;
				CLANG_WARN_BLOCK_CAPTURE_AUTORELEASING = YES;
				CLANG_WARN_BOOL_CONVERSION = YES;
				CLANG_WARN_COMMA = YES;
				CLANG_WARN_CONSTANT_CONVERSION = YES;
				CLANG_WARN_DEPRECATED_OBJC_IMPLEMENTATIONS = YES;
				CLANG_WARN_DIRECT_OBJC_ISA_USAGE = YES_ERROR;
				CLANG_WARN_DOCUMENTATION_COMMENTS = YES;
				CLANG_WARN_EMPTY_BODY = YES;
				CLANG_WARN_ENUM_CONVERSION = YES;
				CLANG_WARN_INFINITE_RECURSION = YES;
				CLANG_WARN_INT_CONVERSION = YES;
				CLANG_WARN_NON_LITERAL_NULL_CONVERSION = YES;
				CLANG_WARN_OBJC_IMPLICIT_RETAIN_SELF = YES;
				CLANG_WARN_OBJC_LITERAL_CONVERSION = YES;
				CLANG_WARN_OBJC_ROOT_CLASS = YES_ERROR;
				CLANG_WARN_RANGE_LOOP_ANALYSIS = YES;
				CLANG_WARN_STRICT_PROTOTYPES = YES;
				CLANG_WARN_SUSPICIOUS_MOVE = YES;
				CLANG_WARN_UNGUARDED_AVAILABILITY = YES_AGGRESSIVE;
				CLANG_WARN_UNREACHABLE_CODE = YES;
				CLANG_WARN__DUPLICATE_METHOD_MATCH = YES;
				CODE_SIGN_IDENTITY = "iPhone Developer";
				COPY_PHASE_STRIP = NO;
				DEBUG_INFORMATION_FORMAT = dwarf;
				ENABLE_STRICT_OBJC_MSGSEND = YES;
				ENABLE_TESTABILITY = YES;
				GCC_C_LANGUAGE_STANDARD = gnu11;
				GCC_DYNAMIC_NO_PIC = NO;
				GCC_NO_COMMON_BLOCKS = YES;
				GCC_OPTIMIZATION_LEVEL = 0;
				GCC_PREPROCESSOR_DEFINITIONS = (
					"DEBUG=1",
					"$(inherited)",
				);
				GCC_WARN_64_TO_32_BIT_CONVERSION = YES;
				GCC_WARN_ABOUT_RETURN_TYPE = YES_ERROR;
				GCC_WARN_UNDECLARED_SELECTOR = YES;
				GCC_WARN_UNINITIALIZED_AUTOS = YES_AGGRESSIVE;
				GCC_WARN_UNUSED_FUNCTION = YES;
				GCC_WARN_UNUSED_VARIABLE = YES;
				IPHONEOS_DEPLOYMENT_TARGET = 12.1;
				MTL_ENABLE_DEBUG_INFO = INCLUDE_SOURCE;
				MTL_FAST_MATH = YES;
				ONLY_ACTIVE_ARCH = YES;
				SDKROOT = iphoneos;
				SWIFT_ACTIVE_COMPILATION_CONDITIONS = DEBUG;
				SWIFT_OPTIMIZATION_LEVEL = "-Onone";
			};
			name = Debug;
		};
		5C231A9A22452C2E0087FFAB /* Release */ = {
			isa = XCBuildConfiguration;
			buildSettings = {
				ALWAYS_SEARCH_USER_PATHS = NO;
				CLANG_ANALYZER_NONNULL = YES;
				CLANG_ANALYZER_NUMBER_OBJECT_CONVERSION = YES_AGGRESSIVE;
				CLANG_CXX_LANGUAGE_STANDARD = "gnu++14";
				CLANG_CXX_LIBRARY = "libc++";
				CLANG_ENABLE_MODULES = YES;
				CLANG_ENABLE_OBJC_ARC = YES;
				CLANG_ENABLE_OBJC_WEAK = YES;
				CLANG_WARN_BLOCK_CAPTURE_AUTORELEASING = YES;
				CLANG_WARN_BOOL_CONVERSION = YES;
				CLANG_WARN_COMMA = YES;
				CLANG_WARN_CONSTANT_CONVERSION = YES;
				CLANG_WARN_DEPRECATED_OBJC_IMPLEMENTATIONS = YES;
				CLANG_WARN_DIRECT_OBJC_ISA_USAGE = YES_ERROR;
				CLANG_WARN_DOCUMENTATION_COMMENTS = YES;
				CLANG_WARN_EMPTY_BODY = YES;
				CLANG_WARN_ENUM_CONVERSION = YES;
				CLANG_WARN_INFINITE_RECURSION = YES;
				CLANG_WARN_INT_CONVERSION = YES;
				CLANG_WARN_NON_LITERAL_NULL_CONVERSION = YES;
				CLANG_WARN_OBJC_IMPLICIT_RETAIN_SELF = YES;
				CLANG_WARN_OBJC_LITERAL_CONVERSION = YES;
				CLANG_WARN_OBJC_ROOT_CLASS = YES_ERROR;
				CLANG_WARN_RANGE_LOOP_ANALYSIS = YES;
				CLANG_WARN_STRICT_PROTOTYPES = YES;
				CLANG_WARN_SUSPICIOUS_MOVE = YES;
				CLANG_WARN_UNGUARDED_AVAILABILITY = YES_AGGRESSIVE;
				CLANG_WARN_UNREACHABLE_CODE = YES;
				CLANG_WARN__DUPLICATE_METHOD_MATCH = YES;
				CODE_SIGN_IDENTITY = "iPhone Developer";
				COPY_PHASE_STRIP = NO;
				DEBUG_INFORMATION_FORMAT = "dwarf-with-dsym";
				ENABLE_NS_ASSERTIONS = NO;
				ENABLE_STRICT_OBJC_MSGSEND = YES;
				GCC_C_LANGUAGE_STANDARD = gnu11;
				GCC_NO_COMMON_BLOCKS = YES;
				GCC_WARN_64_TO_32_BIT_CONVERSION = YES;
				GCC_WARN_ABOUT_RETURN_TYPE = YES_ERROR;
				GCC_WARN_UNDECLARED_SELECTOR = YES;
				GCC_WARN_UNINITIALIZED_AUTOS = YES_AGGRESSIVE;
				GCC_WARN_UNUSED_FUNCTION = YES;
				GCC_WARN_UNUSED_VARIABLE = YES;
				IPHONEOS_DEPLOYMENT_TARGET = 12.1;
				MTL_ENABLE_DEBUG_INFO = NO;
				MTL_FAST_MATH = YES;
				SDKROOT = iphoneos;
				SWIFT_COMPILATION_MODE = wholemodule;
				SWIFT_OPTIMIZATION_LEVEL = "-O";
				VALIDATE_PRODUCT = YES;
			};
			name = Release;
		};
		5C231A9C22452C2E0087FFAB /* Debug */ = {
			isa = XCBuildConfiguration;
			buildSettings = {
				ASSETCATALOG_COMPILER_APPICON_NAME = AppIcon;
				CODE_SIGN_STYLE = Automatic;
				DEVELOPMENT_TEAM = J34352NHX3;
				INFOPLIST_FILE = DownloadImage/Info.plist;
				LD_RUNPATH_SEARCH_PATHS = (
					"$(inherited)",
					"@executable_path/Frameworks",
				);
				PRODUCT_BUNDLE_IDENTIFIER = com.hank.DownloadImage;
				PRODUCT_NAME = "$(TARGET_NAME)";
				SWIFT_VERSION = 4.2;
				TARGETED_DEVICE_FAMILY = "1,2";
			};
			name = Debug;
		};
		5C231A9D22452C2E0087FFAB /* Release */ = {
			isa = XCBuildConfiguration;
			buildSettings = {
				ASSETCATALOG_COMPILER_APPICON_NAME = AppIcon;
				CODE_SIGN_STYLE = Automatic;
				DEVELOPMENT_TEAM = J34352NHX3;
				INFOPLIST_FILE = DownloadImage/Info.plist;
				LD_RUNPATH_SEARCH_PATHS = (
					"$(inherited)",
					"@executable_path/Frameworks",
				);
				PRODUCT_BUNDLE_IDENTIFIER = com.hank.DownloadImage;
				PRODUCT_NAME = "$(TARGET_NAME)";
				SWIFT_VERSION = 4.2;
				TARGETED_DEVICE_FAMILY = "1,2";
			};
			name = Release;
		};
		5C231A9F22452C2E0087FFAB /* Debug */ = {
			isa = XCBuildConfiguration;
			buildSettings = {
				ALWAYS_EMBED_SWIFT_STANDARD_LIBRARIES = YES;
				BUNDLE_LOADER = "$(TEST_HOST)";
				CODE_SIGN_STYLE = Automatic;
				DEVELOPMENT_TEAM = J34352NHX3;
				INFOPLIST_FILE = DownloadImageTests/Info.plist;
				LD_RUNPATH_SEARCH_PATHS = (
					"$(inherited)",
					"@executable_path/Frameworks",
					"@loader_path/Frameworks",
				);
				PRODUCT_BUNDLE_IDENTIFIER = com.hank.DownloadImageTests;
				PRODUCT_NAME = "$(TARGET_NAME)";
				SWIFT_VERSION = 4.2;
				TARGETED_DEVICE_FAMILY = "1,2";
				TEST_HOST = "$(BUILT_PRODUCTS_DIR)/DownloadImage.app/DownloadImage";
			};
			name = Debug;
		};
		5C231AA022452C2E0087FFAB /* Release */ = {
			isa = XCBuildConfiguration;
			buildSettings = {
				ALWAYS_EMBED_SWIFT_STANDARD_LIBRARIES = YES;
				BUNDLE_LOADER = "$(TEST_HOST)";
				CODE_SIGN_STYLE = Automatic;
				DEVELOPMENT_TEAM = J34352NHX3;
				INFOPLIST_FILE = DownloadImageTests/Info.plist;
				LD_RUNPATH_SEARCH_PATHS = (
					"$(inherited)",
					"@executable_path/Frameworks",
					"@loader_path/Frameworks",
				);
				PRODUCT_BUNDLE_IDENTIFIER = com.hank.DownloadImageTests;
				PRODUCT_NAME = "$(TARGET_NAME)";
				SWIFT_VERSION = 4.2;
				TARGETED_DEVICE_FAMILY = "1,2";
				TEST_HOST = "$(BUILT_PRODUCTS_DIR)/DownloadImage.app/DownloadImage";
			};
			name = Release;
		};
		5C231AA222452C2E0087FFAB /* Debug */ = {
			isa = XCBuildConfiguration;
			buildSettings = {
				ALWAYS_EMBED_SWIFT_STANDARD_LIBRARIES = YES;
				CODE_SIGN_STYLE = Automatic;
				DEVELOPMENT_TEAM = J34352NHX3;
				INFOPLIST_FILE = DownloadImageUITests/Info.plist;
				LD_RUNPATH_SEARCH_PATHS = (
					"$(inherited)",
					"@executable_path/Frameworks",
					"@loader_path/Frameworks",
				);
				PRODUCT_BUNDLE_IDENTIFIER = com.hank.DownloadImageUITests;
				PRODUCT_NAME = "$(TARGET_NAME)";
				SWIFT_VERSION = 4.2;
				TARGETED_DEVICE_FAMILY = "1,2";
				TEST_TARGET_NAME = DownloadImage;
			};
			name = Debug;
		};
		5C231AA322452C2E0087FFAB /* Release */ = {
			isa = XCBuildConfiguration;
			buildSettings = {
				ALWAYS_EMBED_SWIFT_STANDARD_LIBRARIES = YES;
				CODE_SIGN_STYLE = Automatic;
				DEVELOPMENT_TEAM = J34352NHX3;
				INFOPLIST_FILE = DownloadImageUITests/Info.plist;
				LD_RUNPATH_SEARCH_PATHS = (
					"$(inherited)",
					"@executable_path/Frameworks",
					"@loader_path/Frameworks",
				);
				PRODUCT_BUNDLE_IDENTIFIER = com.hank.DownloadImageUITests;
				PRODUCT_NAME = "$(TARGET_NAME)";
				SWIFT_VERSION = 4.2;
				TARGETED_DEVICE_FAMILY = "1,2";
				TEST_TARGET_NAME = DownloadImage;
			};
			name = Release;
		};
/* End XCBuildConfiguration section */

/* Begin XCConfigurationList section */
		5C231A6B22452C2C0087FFAB /* Build configuration list for PBXProject "DownloadImage" */ = {
			isa = XCConfigurationList;
			buildConfigurations = (
				5C231A9922452C2E0087FFAB /* Debug */,
				5C231A9A22452C2E0087FFAB /* Release */,
			);
			defaultConfigurationIsVisible = 0;
			defaultConfigurationName = Release;
		};
		5C231A9B22452C2E0087FFAB /* Build configuration list for PBXNativeTarget "DownloadImage" */ = {
			isa = XCConfigurationList;
			buildConfigurations = (
				5C231A9C22452C2E0087FFAB /* Debug */,
				5C231A9D22452C2E0087FFAB /* Release */,
			);
			defaultConfigurationIsVisible = 0;
			defaultConfigurationName = Release;
		};
		5C231A9E22452C2E0087FFAB /* Build configuration list for PBXNativeTarget "DownloadImageTests" */ = {
			isa = XCConfigurationList;
			buildConfigurations = (
				5C231A9F22452C2E0087FFAB /* Debug */,
				5C231AA022452C2E0087FFAB /* Release */,
			);
			defaultConfigurationIsVisible = 0;
			defaultConfigurationName = Release;
		};
		5C231AA122452C2E0087FFAB /* Build configuration list for PBXNativeTarget "DownloadImageUITests" */ = {
			isa = XCConfigurationList;
			buildConfigurations = (
				5C231AA222452C2E0087FFAB /* Debug */,
				5C231AA322452C2E0087FFAB /* Release */,
			);
			defaultConfigurationIsVisible = 0;
			defaultConfigurationName = Release;
		};
/* End XCConfigurationList section */

/* Begin XCVersionGroup section */
		5C231A7A22452C2C0087FFAB /* DownloadImage.xcdatamodeld */ = {
			isa = XCVersionGroup;
			children = (
				5C231A7B22452C2C0087FFAB /* DownloadImage.xcdatamodel */,
			);
			currentVersion = 5C231A7B22452C2C0087FFAB /* DownloadImage.xcdatamodel */;
			path = DownloadImage.xcdatamodeld;
			sourceTree = "<group>";
			versionGroupType = wrapper.xcdatamodel;
		};
/* End XCVersionGroup section */
	};
	rootObject = 5C231A6822452C2C0087FFAB /* Project object */;
}
